
Microsoft Visual Studio Solution File, Format Version 12.00
# Visual Studio Version 17
VisualStudioVersion = 17.11.35327.3
MinimumVisualStudioVersion = 10.0.40219.1
Project("{9A19103F-16F7-4668-BE54-9A1E7A4F7556}") = "VaccinaCare.Repository", "VaccinaCare.Repository\VaccinaCare.Repository.csproj", "{720BC2EA-7D9B-4898-8CDF-D992D472640A}"
EndProject
Project("{FAE04EC0-301F-11D3-BF4B-00C04F79EFBC}") = "VaccinaCare.Application", "VaccinaCare.Application\VaccinaCare.Application.csproj", "{0FCAF039-45EF-4435-B273-BFA2AE8F07DC}"
EndProject
Project("{FAE04EC0-301F-11D3-BF4B-00C04F79EFBC}") = "VaccinaCare.Domain", "VaccinaCare.Domain\VaccinaCare.Domain.csproj", "{C5A6AE7E-D14C-4B35-9756-362053BA04B8}"
EndProject
Project("{FAE04EC0-301F-11D3-BF4B-00C04F79EFBC}") = "VaccinaCare.API", "VaccinaCare.API\VaccinaCare.API.csproj", "{F83D19F9-B3A2-4C1E-91A7-429E40817EDE}"
EndProject
Project("{E53339B2-1760-4266-BCC7-CA923CBCF16C}") = "docker-compose", "docker-compose.dcproj", "{08F30FCF-806C-4F10-86F1-D457D75AD725}"
EndProject
Global
	GlobalSection(SolutionConfigurationPlatforms) = preSolution
		Debug|Any CPU = Debug|Any CPU
		Release|Any CPU = Release|Any CPU
	EndGlobalSection
	GlobalSection(ProjectConfigurationPlatforms) = postSolution
		{720BC2EA-7D9B-4898-8CDF-D992D472640A}.Debug|Any CPU.ActiveCfg = Debug|Any CPU
		{720BC2EA-7D9B-4898-8CDF-D992D472640A}.Debug|Any CPU.Build.0 = Debug|Any CPU
		{720BC2EA-7D9B-4898-8CDF-D992D472640A}.Release|Any CPU.ActiveCfg = Release|Any CPU
		{720BC2EA-7D9B-4898-8CDF-D992D472640A}.Release|Any CPU.Build.0 = Release|Any CPU
		{0FCAF039-45EF-4435-B273-BFA2AE8F07DC}.Debug|Any CPU.ActiveCfg = Debug|Any CPU
		{0FCAF039-45EF-4435-B273-BFA2AE8F07DC}.Debug|Any CPU.Build.0 = Debug|Any CPU
		{0FCAF039-45EF-4435-B273-BFA2AE8F07DC}.Release|Any CPU.ActiveCfg = Release|Any CPU
		{0FCAF039-45EF-4435-B273-BFA2AE8F07DC}.Release|Any CPU.Build.0 = Release|Any CPU
		{C5A6AE7E-D14C-4B35-9756-362053BA04B8}.Debug|Any CPU.ActiveCfg = Debug|Any CPU
		{C5A6AE7E-D14C-4B35-9756-362053BA04B8}.Debug|Any CPU.Build.0 = Debug|Any CPU
		{C5A6AE7E-D14C-4B35-9756-362053BA04B8}.Release|Any CPU.ActiveCfg = Release|Any CPU
		{C5A6AE7E-D14C-4B35-9756-362053BA04B8}.Release|Any CPU.Build.0 = Release|Any CPU
		{F83D19F9-B3A2-4C1E-91A7-429E40817EDE}.Debug|Any CPU.ActiveCfg = Debug|Any CPU
		{F83D19F9-B3A2-4C1E-91A7-429E40817EDE}.Debug|Any CPU.Build.0 = Debug|Any CPU
		{F83D19F9-B3A2-4C1E-91A7-429E40817EDE}.Release|Any CPU.ActiveCfg = Release|Any CPU
		{F83D19F9-B3A2-4C1E-91A7-429E40817EDE}.Release|Any CPU.Build.0 = Release|Any CPU
		{08F30FCF-806C-4F10-86F1-D457D75AD725}.Debug|Any CPU.ActiveCfg = Debug|Any CPU
		{08F30FCF-806C-4F10-86F1-D457D75AD725}.Debug|Any CPU.Build.0 = Debug|Any CPU
		{08F30FCF-806C-4F10-86F1-D457D75AD725}.Release|Any CPU.ActiveCfg = Release|Any CPU
		{08F30FCF-806C-4F10-86F1-D457D75AD725}.Release|Any CPU.Build.0 = Release|Any CPU
	EndGlobalSection
	GlobalSection(SolutionProperties) = preSolution
		HideSolutionNode = FALSE
	EndGlobalSection
	GlobalSection(ExtensibilityGlobals) = postSolution
		SolutionGuid = {EE342D91-A5E0-4BC9-9E5D-38733724010A}
	EndGlobalSection
EndGlobal
