
Microsoft Visual Studio Solution File, Format Version 12.00
# Visual Studio Version 17
VisualStudioVersion = 17.5.002.0
MinimumVisualStudioVersion = 10.0.40219.1
Project("{9A19103F-16F7-4668-BE54-9A1E7A4F7556}") = "VaccinaCare.API", "VaccinaCare.API.csproj", "{F2969647-5BEF-46D4-AD8A-461DF54766E1}"
EndProject
Global
	GlobalSection(SolutionConfigurationPlatforms) = preSolution
		Debug|Any CPU = Debug|Any CPU
		Release|Any CPU = Release|Any CPU
	EndGlobalSection
	GlobalSection(ProjectConfigurationPlatforms) = postSolution
		{F2969647-5BEF-46D4-AD8A-461DF54766E1}.Debug|Any CPU.ActiveCfg = Debug|Any CPU
		{F2969647-5BEF-46D4-AD8A-461DF54766E1}.Debug|Any CPU.Build.0 = Debug|Any CPU
		{F2969647-5BEF-46D4-AD8A-461DF54766E1}.Release|Any CPU.ActiveCfg = Release|Any CPU
		{F2969647-5BEF-46D4-AD8A-461DF54766E1}.Release|Any CPU.Build.0 = Release|Any CPU
	EndGlobalSection
	GlobalSection(SolutionProperties) = preSolution
		HideSolutionNode = FALSE
	EndGlobalSection
	GlobalSection(ExtensibilityGlobals) = postSolution
		SolutionGuid = {FD1457CB-4CA4-4814-BD67-70FA4A792B38}
	EndGlobalSection
EndGlobal
